%{"connection": {:hex, :connection, "1.0.3"},
  "cowboy": {:hex, :cowboy, "1.0.4"},
  "cowlib": {:hex, :cowlib, "1.0.2"},
  "csvlixir": {:hex, :csvlixir, "1.0.0"},
  "db_connection": {:hex, :db_connection, "1.0.0-rc.3"},
  "decimal": {:hex, :decimal, "1.1.2"},
  "earmark": {:hex, :earmark, "0.2.1"},
  "ecto": {:hex, :ecto, "2.0.2"},
  "ex_doc": {:hex, :ex_doc, "0.12.0"},
  "ex_queb": {:hex, :ex_queb, "0.1.2"},
  "exactor": {:hex, :exactor, "2.2.0"},
  "factory_girl_elixir": {:hex, :factory_girl_elixir, "0.1.1"},
  "inflex": {:hex, :inflex, "1.7.0"},
  "phoenix": {:hex, :phoenix, "1.2.0"},
  "phoenix_ecto": {:hex, :phoenix_ecto, "3.0.0"},
  "phoenix_html": {:hex, :phoenix_html, "2.6.0"},
  "phoenix_pubsub": {:hex, :phoenix_pubsub, "1.0.0"},
  "plug": {:hex, :plug, "1.1.6"},
  "poison": {:hex, :poison, "2.2.0"},
  "poolboy": {:hex, :poolboy, "1.5.1"},
  "postgrex": {:hex, :postgrex, "0.11.2"},
  "ranch": {:hex, :ranch, "1.2.1"},
  "scrivener": {:git, "https://github.com/drewolson/scrivener", "edea64662564e9fbc9b5a8f50ed265c93d5dfa67", [branch: "v2"]},
  "scrivener_ecto": {:git, "https://github.com/drewolson/scrivener_ecto.git", "8b0b97c708f31cdf923e439a2759afe5f0c8bbb6", []},
  "xain": {:hex, :xain, "0.5.3"}}
